// !$*UTF8*$!
{
	archiveVersion = 1;
	classes = {
	};
	objectVersion = 56;
	objects = {

/* Begin PBXBuildFile section */
		96447CE0291A349000262429 /* JesTestAmplifyApp.swift in Sources */ = {isa = PBXBuildFile; fileRef = 96447CDF291A349000262429 /* JesTestAmplifyApp.swift */; };
		96447CE2291A349000262429 /* ContentView.swift in Sources */ = {isa = PBXBuildFile; fileRef = 96447CE1291A349000262429 /* ContentView.swift */; };
		96447CE4291A349100262429 /* Assets.xcassets in Resources */ = {isa = PBXBuildFile; fileRef = 96447CE3291A349100262429 /* Assets.xcassets */; };
		96447CE7291A349100262429 /* Preview Assets.xcassets in Resources */ = {isa = PBXBuildFile; fileRef = 96447CE6291A349100262429 /* Preview Assets.xcassets */; };
		96447CEF291A35A800262429 /* AWSAPIPlugin in Frameworks */ = {isa = PBXBuildFile; productRef = 96447CEE291A35A800262429 /* AWSAPIPlugin */; };
		96447CF1291A35A800262429 /* AWSCognitoAuthPlugin in Frameworks */ = {isa = PBXBuildFile; productRef = 96447CF0291A35A800262429 /* AWSCognitoAuthPlugin */; };
		96447CF3291A35A800262429 /* AWSDataStorePlugin in Frameworks */ = {isa = PBXBuildFile; productRef = 96447CF2291A35A800262429 /* AWSDataStorePlugin */; };
		96447CF5291A35A800262429 /* AWSLocationGeoPlugin in Frameworks */ = {isa = PBXBuildFile; productRef = 96447CF4291A35A800262429 /* AWSLocationGeoPlugin */; };
		96447CF7291A35A800262429 /* AWSPinpointAnalyticsPlugin in Frameworks */ = {isa = PBXBuildFile; productRef = 96447CF6291A35A800262429 /* AWSPinpointAnalyticsPlugin */; };
		96447CF9291A35A800262429 /* AWSPluginsCore in Frameworks */ = {isa = PBXBuildFile; productRef = 96447CF8291A35A800262429 /* AWSPluginsCore */; };
		96447CFB291A35A800262429 /* AWSS3StoragePlugin in Frameworks */ = {isa = PBXBuildFile; productRef = 96447CFA291A35A800262429 /* AWSS3StoragePlugin */; };
		96447CFD291A35A800262429 /* Amplify in Frameworks */ = {isa = PBXBuildFile; productRef = 96447CFC291A35A800262429 /* Amplify */; };
		C406C41307B52C1034909802 /* amplifyconfiguration.json in Resources */ = {isa = PBXBuildFile; fileRef = E5CEBE7131A0D1D2AB22C760 /* amplifyconfiguration.json */; };
		E1ED1176909D39C7E7BC1902 /* awsconfiguration.json in Resources */ = {isa = PBXBuildFile; fileRef = 53BFC45AC3571BF97E5410E4 /* awsconfiguration.json */; };
/* End PBXBuildFile section */

/* Begin PBXFileReference section */
		53BFC45AC3571BF97E5410E4 /* awsconfiguration.json */ = {isa = PBXFileReference; explicitFileType = text.json; lastKnownFileType = text.json; name = awsconfiguration.json; path = awsconfiguration.json; sourceTree = "<group>"; };
		96447CDC291A349000262429 /* JesTestAmplify.app */ = {isa = PBXFileReference; explicitFileType = wrapper.application; includeInIndex = 0; path = JesTestAmplify.app; sourceTree = BUILT_PRODUCTS_DIR; };
		96447CDF291A349000262429 /* JesTestAmplifyApp.swift */ = {isa = PBXFileReference; lastKnownFileType = sourcecode.swift; path = JesTestAmplifyApp.swift; sourceTree = "<group>"; };
		96447CE1291A349000262429 /* ContentView.swift */ = {isa = PBXFileReference; lastKnownFileType = sourcecode.swift; path = ContentView.swift; sourceTree = "<group>"; };
		96447CE3291A349100262429 /* Assets.xcassets */ = {isa = PBXFileReference; lastKnownFileType = folder.assetcatalog; path = Assets.xcassets; sourceTree = "<group>"; };
		96447CE6291A349100262429 /* Preview Assets.xcassets */ = {isa = PBXFileReference; lastKnownFileType = folder.assetcatalog; path = "Preview Assets.xcassets"; sourceTree = "<group>"; };
		E5CEBE7131A0D1D2AB22C760 /* amplifyconfiguration.json */ = {isa = PBXFileReference; explicitFileType = text.json; lastKnownFileType = text.json; name = amplifyconfiguration.json; path = amplifyconfiguration.json; sourceTree = "<group>"; };
/* End PBXFileReference section */

/* Begin PBXFrameworksBuildPhase section */
		96447CD9291A349000262429 /* Frameworks */ = {
			isa = PBXFrameworksBuildPhase;
			buildActionMask = 2147483647;
			files = (
				96447CF3291A35A800262429 /* AWSDataStorePlugin in Frameworks */,
				96447CFD291A35A800262429 /* Amplify in Frameworks */,
				96447CEF291A35A800262429 /* AWSAPIPlugin in Frameworks */,
				96447CF9291A35A800262429 /* AWSPluginsCore in Frameworks */,
				96447CFB291A35A800262429 /* AWSS3StoragePlugin in Frameworks */,
				96447CF7291A35A800262429 /* AWSPinpointAnalyticsPlugin in Frameworks */,
				96447CF5291A35A800262429 /* AWSLocationGeoPlugin in Frameworks */,
				96447CF1291A35A800262429 /* AWSCognitoAuthPlugin in Frameworks */,
			);
			runOnlyForDeploymentPostprocessing = 0;
		};
/* End PBXFrameworksBuildPhase section */

/* Begin PBXGroup section */
		37F537E98241C43D34EDE631 /* AmplifyConfig */ = {
			isa = PBXGroup;
			children = (
				53BFC45AC3571BF97E5410E4 /* awsconfiguration.json */,
				E5CEBE7131A0D1D2AB22C760 /* amplifyconfiguration.json */,
			);
			name = AmplifyConfig;
			sourceTree = "<group>";
		};
		96447CD3291A349000262429 = {
			isa = PBXGroup;
			children = (
				96447CDE291A349000262429 /* JesTestAmplify */,
				96447CDD291A349000262429 /* Products */,
				37F537E98241C43D34EDE631 /* AmplifyConfig */,
			);
			sourceTree = "<group>";
		};
		96447CDD291A349000262429 /* Products */ = {
			isa = PBXGroup;
			children = (
				96447CDC291A349000262429 /* JesTestAmplify.app */,
			);
			name = Products;
			sourceTree = "<group>";
		};
		96447CDE291A349000262429 /* JesTestAmplify */ = {
			isa = PBXGroup;
			children = (
				96447CDF291A349000262429 /* JesTestAmplifyApp.swift */,
				96447CE1291A349000262429 /* ContentView.swift */,
				96447CE3291A349100262429 /* Assets.xcassets */,
				96447CE5291A349100262429 /* Preview Content */,
			);
			path = JesTestAmplify;
			sourceTree = "<group>";
		};
		96447CE5291A349100262429 /* Preview Content */ = {
			isa = PBXGroup;
			children = (
				96447CE6291A349100262429 /* Preview Assets.xcassets */,
			);
			path = "Preview Content";
			sourceTree = "<group>";
		};
/* End PBXGroup section */

/* Begin PBXNativeTarget section */
		96447CDB291A349000262429 /* JesTestAmplify */ = {
			isa = PBXNativeTarget;
			buildConfigurationList = 96447CEA291A349100262429 /* Build configuration list for PBXNativeTarget "JesTestAmplify" */;
			buildPhases = (
				96447CD8291A349000262429 /* Sources */,
				96447CD9291A349000262429 /* Frameworks */,
				96447CDA291A349000262429 /* Resources */,
			);
			buildRules = (
			);
			dependencies = (
			);
			name = JesTestAmplify;
			packageProductDependencies = (
				96447CEE291A35A800262429 /* AWSAPIPlugin */,
				96447CF0291A35A800262429 /* AWSCognitoAuthPlugin */,
				96447CF2291A35A800262429 /* AWSDataStorePlugin */,
				96447CF4291A35A800262429 /* AWSLocationGeoPlugin */,
				96447CF6291A35A800262429 /* AWSPinpointAnalyticsPlugin */,
				96447CF8291A35A800262429 /* AWSPluginsCore */,
				96447CFA291A35A800262429 /* AWSS3StoragePlugin */,
				96447CFC291A35A800262429 /* Amplify */,
			);
			productName = JesTestAmplify;
			productReference = 96447CDC291A349000262429 /* JesTestAmplify.app */;
			productType = "com.apple.product-type.application";
		};
/* End PBXNativeTarget section */

/* Begin PBXProject section */
		96447CD4291A349000262429 /* Project object */ = {
			isa = PBXProject;
			attributes = {
				BuildIndependentTargetsInParallel = 1;
				LastSwiftUpdateCheck = 1410;
				LastUpgradeCheck = 1410;
				TargetAttributes = {
					96447CDB291A349000262429 = {
						CreatedOnToolsVersion = 14.1;
					};
				};
			};
			buildConfigurationList = 96447CD7291A349000262429 /* Build configuration list for PBXProject "JesTestAmplify" */;
			compatibilityVersion = "Xcode 14.0";
			developmentRegion = en;
			hasScannedForEncodings = 0;
			knownRegions = (
				en,
				Base,
			);
			mainGroup = 96447CD3291A349000262429;
			packageReferences = (
				96447CED291A35A800262429 /* XCRemoteSwiftPackageReference "amplify-swift" */,
			);
			productRefGroup = 96447CDD291A349000262429 /* Products */;
			projectDirPath = "";
			projectRoot = "";
			targets = (
				96447CDB291A349000262429 /* JesTestAmplify */,
			);
		};
/* End PBXProject section */

/* Begin PBXResourcesBuildPhase section */
		96447CDA291A349000262429 /* Resources */ = {
			isa = PBXResourcesBuildPhase;
			buildActionMask = 2147483647;
			files = (
				96447CE7291A349100262429 /* Preview Assets.xcassets in Resources */,
				96447CE4291A349100262429 /* Assets.xcassets in Resources */,
				E1ED1176909D39C7E7BC1902 /* awsconfiguration.json in Resources */,
				C406C41307B52C1034909802 /* amplifyconfiguration.json in Resources */,
			);
			runOnlyForDeploymentPostprocessing = 0;
		};
/* End PBXResourcesBuildPhase section */

/* Begin PBXSourcesBuildPhase section */
		96447CD8291A349000262429 /* Sources */ = {
			isa = PBXSourcesBuildPhase;
			buildActionMask = 2147483647;
			files = (
				96447CE2291A349000262429 /* ContentView.swift in Sources */,
				96447CE0291A349000262429 /* JesTestAmplifyApp.swift in Sources */,
			);
			runOnlyForDeploymentPostprocessing = 0;
		};
/* End PBXSourcesBuildPhase section */

/* Begin XCBuildConfiguration section */
		96447CE8291A349100262429 /* Debug */ = {
			isa = XCBuildConfiguration;
			buildSettings = {
				ALWAYS_SEARCH_USER_PATHS = NO;
				CLANG_ANALYZER_NONNULL = YES;
				CLANG_ANALYZER_NUMBER_OBJECT_CONVERSION = YES_AGGRESSIVE;
				CLANG_CXX_LANGUAGE_STANDARD = "gnu++20";
				CLANG_ENABLE_MODULES = YES;
				CLANG_ENABLE_OBJC_ARC = YES;
				CLANG_ENABLE_OBJC_WEAK = YES;
				CLANG_WARN_BLOCK_CAPTURE_AUTORELEASING = YES;
				CLANG_WARN_BOOL_CONVERSION = YES;
				CLANG_WARN_COMMA = YES;
				CLANG_WARN_CONSTANT_CONVERSION = YES;
				CLANG_WARN_DEPRECATED_OBJC_IMPLEMENTATIONS = YES;
				CLANG_WARN_DIRECT_OBJC_ISA_USAGE = YES_ERROR;
				CLANG_WARN_DOCUMENTATION_COMMENTS = YES;
				CLANG_WARN_EMPTY_BODY = YES;
				CLANG_WARN_ENUM_CONVERSION = YES;
				CLANG_WARN_INFINITE_RECURSION = YES;
				CLANG_WARN_INT_CONVERSION = YES;
				CLANG_WARN_NON_LITERAL_NULL_CONVERSION = YES;
				CLANG_WARN_OBJC_IMPLICIT_RETAIN_SELF = YES;
				CLANG_WARN_OBJC_LITERAL_CONVERSION = YES;
				CLANG_WARN_OBJC_ROOT_CLASS = YES_ERROR;
				CLANG_WARN_QUOTED_INCLUDE_IN_FRAMEWORK_HEADER = YES;
				CLANG_WARN_RANGE_LOOP_ANALYSIS = YES;
				CLANG_WARN_STRICT_PROTOTYPES = YES;
				CLANG_WARN_SUSPICIOUS_MOVE = YES;
				CLANG_WARN_UNGUARDED_AVAILABILITY = YES_AGGRESSIVE;
				CLANG_WARN_UNREACHABLE_CODE = YES;
				CLANG_WARN__DUPLICATE_METHOD_MATCH = YES;
				COPY_PHASE_STRIP = NO;
				DEBUG_INFORMATION_FORMAT = dwarf;
				ENABLE_STRICT_OBJC_MSGSEND = YES;
				ENABLE_TESTABILITY = YES;
				GCC_C_LANGUAGE_STANDARD = gnu11;
				GCC_DYNAMIC_NO_PIC = NO;
				GCC_NO_COMMON_BLOCKS = YES;
				GCC_OPTIMIZATION_LEVEL = 0;
				GCC_PREPROCESSOR_DEFINITIONS = (
					"DEBUG=1",
					"$(inherited)",
				);
				GCC_WARN_64_TO_32_BIT_CONVERSION = YES;
				GCC_WARN_ABOUT_RETURN_TYPE = YES_ERROR;
				GCC_WARN_UNDECLARED_SELECTOR = YES;
				GCC_WARN_UNINITIALIZED_AUTOS = YES_AGGRESSIVE;
				GCC_WARN_UNUSED_FUNCTION = YES;
				GCC_WARN_UNUSED_VARIABLE = YES;
				IPHONEOS_DEPLOYMENT_TARGET = 16.1;
				MTL_ENABLE_DEBUG_INFO = INCLUDE_SOURCE;
				MTL_FAST_MATH = YES;
				ONLY_ACTIVE_ARCH = YES;
				SDKROOT = iphoneos;
				SWIFT_ACTIVE_COMPILATION_CONDITIONS = DEBUG;
				SWIFT_OPTIMIZATION_LEVEL = "-Onone";
			};
			name = Debug;
		};
		96447CE9291A349100262429 /* Release */ = {
			isa = XCBuildConfiguration;
			buildSettings = {
				ALWAYS_SEARCH_USER_PATHS = NO;
				CLANG_ANALYZER_NONNULL = YES;
				CLANG_ANALYZER_NUMBER_OBJECT_CONVERSION = YES_AGGRESSIVE;
				CLANG_CXX_LANGUAGE_STANDARD = "gnu++20";
				CLANG_ENABLE_MODULES = YES;
				CLANG_ENABLE_OBJC_ARC = YES;
				CLANG_ENABLE_OBJC_WEAK = YES;
				CLANG_WARN_BLOCK_CAPTURE_AUTORELEASING = YES;
				CLANG_WARN_BOOL_CONVERSION = YES;
				CLANG_WARN_COMMA = YES;
				CLANG_WARN_CONSTANT_CONVERSION = YES;
				CLANG_WARN_DEPRECATED_OBJC_IMPLEMENTATIONS = YES;
				CLANG_WARN_DIRECT_OBJC_ISA_USAGE = YES_ERROR;
				CLANG_WARN_DOCUMENTATION_COMMENTS = YES;
				CLANG_WARN_EMPTY_BODY = YES;
				CLANG_WARN_ENUM_CONVERSION = YES;
				CLANG_WARN_INFINITE_RECURSION = YES;
				CLANG_WARN_INT_CONVERSION = YES;
				CLANG_WARN_NON_LITERAL_NULL_CONVERSION = YES;
				CLANG_WARN_OBJC_IMPLICIT_RETAIN_SELF = YES;
				CLANG_WARN_OBJC_LITERAL_CONVERSION = YES;
				CLANG_WARN_OBJC_ROOT_CLASS = YES_ERROR;
				CLANG_WARN_QUOTED_INCLUDE_IN_FRAMEWORK_HEADER = YES;
				CLANG_WARN_RANGE_LOOP_ANALYSIS = YES;
				CLANG_WARN_STRICT_PROTOTYPES = YES;
				CLANG_WARN_SUSPICIOUS_MOVE = YES;
				CLANG_WARN_UNGUARDED_AVAILABILITY = YES_AGGRESSIVE;
				CLANG_WARN_UNREACHABLE_CODE = YES;
				CLANG_WARN__DUPLICATE_METHOD_MATCH = YES;
				COPY_PHASE_STRIP = NO;
				DEBUG_INFORMATION_FORMAT = "dwarf-with-dsym";
				ENABLE_NS_ASSERTIONS = NO;
				ENABLE_STRICT_OBJC_MSGSEND = YES;
				GCC_C_LANGUAGE_STANDARD = gnu11;
				GCC_NO_COMMON_BLOCKS = YES;
				GCC_WARN_64_TO_32_BIT_CONVERSION = YES;
				GCC_WARN_ABOUT_RETURN_TYPE = YES_ERROR;
				GCC_WARN_UNDECLARED_SELECTOR = YES;
				GCC_WARN_UNINITIALIZED_AUTOS = YES_AGGRESSIVE;
				GCC_WARN_UNUSED_FUNCTION = YES;
				GCC_WARN_UNUSED_VARIABLE = YES;
				IPHONEOS_DEPLOYMENT_TARGET = 16.1;
				MTL_ENABLE_DEBUG_INFO = NO;
				MTL_FAST_MATH = YES;
				SDKROOT = iphoneos;
				SWIFT_COMPILATION_MODE = wholemodule;
				SWIFT_OPTIMIZATION_LEVEL = "-O";
				VALIDATE_PRODUCT = YES;
			};
			name = Release;
		};
		96447CEB291A349100262429 /* Debug */ = {
			isa = XCBuildConfiguration;
			buildSettings = {
				ASSETCATALOG_COMPILER_APPICON_NAME = AppIcon;
				ASSETCATALOG_COMPILER_GLOBAL_ACCENT_COLOR_NAME = AccentColor;
				CODE_SIGN_STYLE = Automatic;
				CURRENT_PROJECT_VERSION = 1;
				DEVELOPMENT_ASSET_PATHS = "\"JesTestAmplify/Preview Content\"";
				DEVELOPMENT_TEAM = 59M5HB7F95;
				ENABLE_PREVIEWS = YES;
				GENERATE_INFOPLIST_FILE = YES;
				INFOPLIST_KEY_UIApplicationSceneManifest_Generation = YES;
				INFOPLIST_KEY_UIApplicationSupportsIndirectInputEvents = YES;
				INFOPLIST_KEY_UILaunchScreen_Generation = YES;
				INFOPLIST_KEY_UISupportedInterfaceOrientations_iPad = "UIInterfaceOrientationPortrait UIInterfaceOrientationPortraitUpsideDown UIInterfaceOrientationLandscapeLeft UIInterfaceOrientationLandscapeRight";
				INFOPLIST_KEY_UISupportedInterfaceOrientations_iPhone = "UIInterfaceOrientationPortrait UIInterfaceOrientationLandscapeLeft UIInterfaceOrientationLandscapeRight";
				LD_RUNPATH_SEARCH_PATHS = (
					"$(inherited)",
					"@executable_path/Frameworks",
				);
				MARKETING_VERSION = 1.0;
				PRODUCT_BUNDLE_IDENTIFIER = candyhouse.co.JesTestAmplify;
				PRODUCT_NAME = "$(TARGET_NAME)";
				SWIFT_EMIT_LOC_STRINGS = YES;
				SWIFT_VERSION = 5.0;
				TARGETED_DEVICE_FAMILY = "1,2";
			};
			name = Debug;
		};
		96447CEC291A349100262429 /* Release */ = {
			isa = XCBuildConfiguration;
			buildSettings = {
				ASSETCATALOG_COMPILER_APPICON_NAME = AppIcon;
				ASSETCATALOG_COMPILER_GLOBAL_ACCENT_COLOR_NAME = AccentColor;
				CODE_SIGN_STYLE = Automatic;
				CURRENT_PROJECT_VERSION = 1;
				DEVELOPMENT_ASSET_PATHS = "\"JesTestAmplify/Preview Content\"";
				DEVELOPMENT_TEAM = 59M5HB7F95;
				ENABLE_PREVIEWS = YES;
				GENERATE_INFOPLIST_FILE = YES;
				INFOPLIST_KEY_UIApplicationSceneManifest_Generation = YES;
				INFOPLIST_KEY_UIApplicationSupportsIndirectInputEvents = YES;
				INFOPLIST_KEY_UILaunchScreen_Generation = YES;
				INFOPLIST_KEY_UISupportedInterfaceOrientations_iPad = "UIInterfaceOrientationPortrait UIInterfaceOrientationPortraitUpsideDown UIInterfaceOrientationLandscapeLeft UIInterfaceOrientationLandscapeRight";
				INFOPLIST_KEY_UISupportedInterfaceOrientations_iPhone = "UIInterfaceOrientationPortrait UIInterfaceOrientationLandscapeLeft UIInterfaceOrientationLandscapeRight";
				LD_RUNPATH_SEARCH_PATHS = (
					"$(inherited)",
					"@executable_path/Frameworks",
				);
				MARKETING_VERSION = 1.0;
				PRODUCT_BUNDLE_IDENTIFIER = candyhouse.co.JesTestAmplify;
				PRODUCT_NAME = "$(TARGET_NAME)";
				SWIFT_EMIT_LOC_STRINGS = YES;
				SWIFT_VERSION = 5.0;
				TARGETED_DEVICE_FAMILY = "1,2";
			};
			name = Release;
		};
/* End XCBuildConfiguration section */

/* Begin XCConfigurationList section */
		96447CD7291A349000262429 /* Build configuration list for PBXProject "JesTestAmplify" */ = {
			isa = XCConfigurationList;
			buildConfigurations = (
				96447CE8291A349100262429 /* Debug */,
				96447CE9291A349100262429 /* Release */,
			);
			defaultConfigurationIsVisible = 0;
			defaultConfigurationName = Release;
		};
		96447CEA291A349100262429 /* Build configuration list for PBXNativeTarget "JesTestAmplify" */ = {
			isa = XCConfigurationList;
			buildConfigurations = (
				96447CEB291A349100262429 /* Debug */,
				96447CEC291A349100262429 /* Release */,
			);
			defaultConfigurationIsVisible = 0;
			defaultConfigurationName = Release;
		};
/* End XCConfigurationList section */

/* Begin XCRemoteSwiftPackageReference section */
		96447CED291A35A800262429 /* XCRemoteSwiftPackageReference "amplify-swift" */ = {
			isa = XCRemoteSwiftPackageReference;
			repositoryURL = "https://github.com/aws-amplify/amplify-swift";
			requirement = {
				kind = upToNextMajorVersion;
				minimumVersion = 2.0.0;
			};
		};
/* End XCRemoteSwiftPackageReference section */

/* Begin XCSwiftPackageProductDependency section */
		96447CEE291A35A800262429 /* AWSAPIPlugin */ = {
			isa = XCSwiftPackageProductDependency;
			package = 96447CED291A35A800262429 /* XCRemoteSwiftPackageReference "amplify-swift" */;
			productName = AWSAPIPlugin;
		};
		96447CF0291A35A800262429 /* AWSCognitoAuthPlugin */ = {
			isa = XCSwiftPackageProductDependency;
			package = 96447CED291A35A800262429 /* XCRemoteSwiftPackageReference "amplify-swift" */;
			productName = AWSCognitoAuthPlugin;
		};
		96447CF2291A35A800262429 /* AWSDataStorePlugin */ = {
			isa = XCSwiftPackageProductDependency;
			package = 96447CED291A35A800262429 /* XCRemoteSwiftPackageReference "amplify-swift" */;
			productName = AWSDataStorePlugin;
		};
		96447CF4291A35A800262429 /* AWSLocationGeoPlugin */ = {
			isa = XCSwiftPackageProductDependency;
			package = 96447CED291A35A800262429 /* XCRemoteSwiftPackageReference "amplify-swift" */;
			productName = AWSLocationGeoPlugin;
		};
		96447CF6291A35A800262429 /* AWSPinpointAnalyticsPlugin */ = {
			isa = XCSwiftPackageProductDependency;
			package = 96447CED291A35A800262429 /* XCRemoteSwiftPackageReference "amplify-swift" */;
			productName = AWSPinpointAnalyticsPlugin;
		};
		96447CF8291A35A800262429 /* AWSPluginsCore */ = {
			isa = XCSwiftPackageProductDependency;
			package = 96447CED291A35A800262429 /* XCRemoteSwiftPackageReference "amplify-swift" */;
			productName = AWSPluginsCore;
		};
		96447CFA291A35A800262429 /* AWSS3StoragePlugin */ = {
			isa = XCSwiftPackageProductDependency;
			package = 96447CED291A35A800262429 /* XCRemoteSwiftPackageReference "amplify-swift" */;
			productName = AWSS3StoragePlugin;
		};
		96447CFC291A35A800262429 /* Amplify */ = {
			isa = XCSwiftPackageProductDependency;
			package = 96447CED291A35A800262429 /* XCRemoteSwiftPackageReference "amplify-swift" */;
			productName = Amplify;
		};
/* End XCSwiftPackageProductDependency section */
	};
	rootObject = 96447CD4291A349000262429 /* Project object */;
}
